// !$*UTF8*$!
{
	archiveVersion = 1;
	classes = {
	};
	objectVersion = 56;
	objects = {

/* Begin PBXBuildFile section */
		7EF2A7D832115F6CEC706658 /* Pods_UberClone.framework in Frameworks */ = {isa = PBXBuildFile; fileRef = 5DB7DD778DC6D73DC09BE05A /* Pods_UberClone.framework */; };
		D402F9B52AC478E500738E84 /* AppDelegate.swift in Sources */ = {isa = PBXBuildFile; fileRef = D402F9B42AC478E500738E84 /* AppDelegate.swift */; };
		D402F9B72AC478E500738E84 /* SceneDelegate.swift in Sources */ = {isa = PBXBuildFile; fileRef = D402F9B62AC478E500738E84 /* SceneDelegate.swift */; };
		D402F9BC2AC478E500738E84 /* Main.storyboard in Resources */ = {isa = PBXBuildFile; fileRef = D402F9BA2AC478E500738E84 /* Main.storyboard */; };
		D402F9BE2AC478E600738E84 /* Assets.xcassets in Resources */ = {isa = PBXBuildFile; fileRef = D402F9BD2AC478E600738E84 /* Assets.xcassets */; };
		D402F9C12AC478E600738E84 /* LaunchScreen.storyboard in Resources */ = {isa = PBXBuildFile; fileRef = D402F9BF2AC478E600738E84 /* LaunchScreen.storyboard */; };
		D40FCE562C0CC5C2008ABA2D /* LocationInputActivationView.swift in Sources */ = {isa = PBXBuildFile; fileRef = D40FCE552C0CC5C2008ABA2D /* LocationInputActivationView.swift */; };
		D40FCE582C0CD3AF008ABA2D /* LocationInputView.swift in Sources */ = {isa = PBXBuildFile; fileRef = D40FCE572C0CD3AF008ABA2D /* LocationInputView.swift */; };
		D40FCE5A2C0DFD64008ABA2D /* LocationCell.swift in Sources */ = {isa = PBXBuildFile; fileRef = D40FCE592C0DFD64008ABA2D /* LocationCell.swift */; };
		D40FCE5C2C0EBD69008ABA2D /* Service.swift in Sources */ = {isa = PBXBuildFile; fileRef = D40FCE5B2C0EBD69008ABA2D /* Service.swift */; };
		D40FCE5E2C0F0824008ABA2D /* User.swift in Sources */ = {isa = PBXBuildFile; fileRef = D40FCE5D2C0F0824008ABA2D /* User.swift */; };
		D40FCE602C0F4DE7008ABA2D /* LocationsHandler.swift in Sources */ = {isa = PBXBuildFile; fileRef = D40FCE5F2C0F4DE7008ABA2D /* LocationsHandler.swift */; };
		D40FCE622C0F603A008ABA2D /* GoogleService-Info.plist in Resources */ = {isa = PBXBuildFile; fileRef = D40FCE612C0F603A008ABA2D /* GoogleService-Info.plist */; };
		D48A759C2C16BD71004FE605 /* Trip.swift in Sources */ = {isa = PBXBuildFile; fileRef = D48A759B2C16BD71004FE605 /* Trip.swift */; };
		D48A759E2C1740A5004FE605 /* PickupController.swift in Sources */ = {isa = PBXBuildFile; fileRef = D48A759D2C1740A5004FE605 /* PickupController.swift */; };
		D4A83CC02C083BB5009ABBE8 /* Extensions.swift in Sources */ = {isa = PBXBuildFile; fileRef = D4A83CBF2C083BB5009ABBE8 /* Extensions.swift */; };
		D4A83CC22C098F82009ABBE8 /* SignUpController.swift in Sources */ = {isa = PBXBuildFile; fileRef = D4A83CC12C098F82009ABBE8 /* SignUpController.swift */; };
		D4A8C1762AC4874200C66745 /* LoginController.swift in Sources */ = {isa = PBXBuildFile; fileRef = D4A8C1752AC4874200C66745 /* LoginController.swift */; };
		D4BC35AF2C11B5AE00D4F806 /* DriverAnnotation.swift in Sources */ = {isa = PBXBuildFile; fileRef = D4BC35AE2C11B5AE00D4F806 /* DriverAnnotation.swift */; };
		D4BC35C42C156A5900D4F806 /* RideActionView.swift in Sources */ = {isa = PBXBuildFile; fileRef = D4BC35C32C156A5900D4F806 /* RideActionView.swift */; };
		D4F6BB1A2C0A17B600F562D1 /* AuthButton.swift in Sources */ = {isa = PBXBuildFile; fileRef = D4F6BB192C0A17B600F562D1 /* AuthButton.swift */; };
		D4F6BB222C0B233700F562D1 /* HomeController.swift in Sources */ = {isa = PBXBuildFile; fileRef = D4F6BB212C0B233700F562D1 /* HomeController.swift */; };
/* End PBXBuildFile section */

/* Begin PBXFileReference section */
		0FE2199AEEA82DB41FF23A18 /* Pods-UberClone.release.xcconfig */ = {isa = PBXFileReference; includeInIndex = 1; lastKnownFileType = text.xcconfig; name = "Pods-UberClone.release.xcconfig"; path = "Target Support Files/Pods-UberClone/Pods-UberClone.release.xcconfig"; sourceTree = "<group>"; };
		5DB7DD778DC6D73DC09BE05A /* Pods_UberClone.framework */ = {isa = PBXFileReference; explicitFileType = wrapper.framework; includeInIndex = 0; path = Pods_UberClone.framework; sourceTree = BUILT_PRODUCTS_DIR; };
		73EA7D2C71421C3F0D1E2ED4 /* Pods-UberClone.debug.xcconfig */ = {isa = PBXFileReference; includeInIndex = 1; lastKnownFileType = text.xcconfig; name = "Pods-UberClone.debug.xcconfig"; path = "Target Support Files/Pods-UberClone/Pods-UberClone.debug.xcconfig"; sourceTree = "<group>"; };
		D402F9B12AC478E500738E84 /* UberClone.app */ = {isa = PBXFileReference; explicitFileType = wrapper.application; includeInIndex = 0; path = UberClone.app; sourceTree = BUILT_PRODUCTS_DIR; };
		D402F9B42AC478E500738E84 /* AppDelegate.swift */ = {isa = PBXFileReference; lastKnownFileType = sourcecode.swift; path = AppDelegate.swift; sourceTree = "<group>"; };
		D402F9B62AC478E500738E84 /* SceneDelegate.swift */ = {isa = PBXFileReference; lastKnownFileType = sourcecode.swift; path = SceneDelegate.swift; sourceTree = "<group>"; };
		D402F9BB2AC478E500738E84 /* Base */ = {isa = PBXFileReference; lastKnownFileType = file.storyboard; name = Base; path = Base.lproj/Main.storyboard; sourceTree = "<group>"; };
		D402F9BD2AC478E600738E84 /* Assets.xcassets */ = {isa = PBXFileReference; lastKnownFileType = folder.assetcatalog; path = Assets.xcassets; sourceTree = "<group>"; };
		D402F9C02AC478E600738E84 /* Base */ = {isa = PBXFileReference; lastKnownFileType = file.storyboard; name = Base; path = Base.lproj/LaunchScreen.storyboard; sourceTree = "<group>"; };
		D402F9C22AC478E600738E84 /* Info.plist */ = {isa = PBXFileReference; lastKnownFileType = text.plist.xml; path = Info.plist; sourceTree = "<group>"; };
		D40FCE552C0CC5C2008ABA2D /* LocationInputActivationView.swift */ = {isa = PBXFileReference; lastKnownFileType = sourcecode.swift; path = LocationInputActivationView.swift; sourceTree = "<group>"; };
		D40FCE572C0CD3AF008ABA2D /* LocationInputView.swift */ = {isa = PBXFileReference; lastKnownFileType = sourcecode.swift; path = LocationInputView.swift; sourceTree = "<group>"; };
		D40FCE592C0DFD64008ABA2D /* LocationCell.swift */ = {isa = PBXFileReference; lastKnownFileType = sourcecode.swift; path = LocationCell.swift; sourceTree = "<group>"; };
		D40FCE5B2C0EBD69008ABA2D /* Service.swift */ = {isa = PBXFileReference; lastKnownFileType = sourcecode.swift; path = Service.swift; sourceTree = "<group>"; };
		D40FCE5D2C0F0824008ABA2D /* User.swift */ = {isa = PBXFileReference; lastKnownFileType = sourcecode.swift; path = User.swift; sourceTree = "<group>"; };
		D40FCE5F2C0F4DE7008ABA2D /* LocationsHandler.swift */ = {isa = PBXFileReference; lastKnownFileType = sourcecode.swift; path = LocationsHandler.swift; sourceTree = "<group>"; };
		D40FCE612C0F603A008ABA2D /* GoogleService-Info.plist */ = {isa = PBXFileReference; fileEncoding = 4; lastKnownFileType = text.plist.xml; path = "GoogleService-Info.plist"; sourceTree = "<group>"; };
		D48A759B2C16BD71004FE605 /* Trip.swift */ = {isa = PBXFileReference; lastKnownFileType = sourcecode.swift; path = Trip.swift; sourceTree = "<group>"; };
		D48A759D2C1740A5004FE605 /* PickupController.swift */ = {isa = PBXFileReference; lastKnownFileType = sourcecode.swift; path = PickupController.swift; sourceTree = "<group>"; };
		D4A83CBF2C083BB5009ABBE8 /* Extensions.swift */ = {isa = PBXFileReference; lastKnownFileType = sourcecode.swift; path = Extensions.swift; sourceTree = "<group>"; };
		D4A83CC12C098F82009ABBE8 /* SignUpController.swift */ = {isa = PBXFileReference; lastKnownFileType = sourcecode.swift; path = SignUpController.swift; sourceTree = "<group>"; };
		D4A8C1752AC4874200C66745 /* LoginController.swift */ = {isa = PBXFileReference; lastKnownFileType = sourcecode.swift; path = LoginController.swift; sourceTree = "<group>"; };
		D4BC35AE2C11B5AE00D4F806 /* DriverAnnotation.swift */ = {isa = PBXFileReference; lastKnownFileType = sourcecode.swift; path = DriverAnnotation.swift; sourceTree = "<group>"; };
		D4BC35C32C156A5900D4F806 /* RideActionView.swift */ = {isa = PBXFileReference; lastKnownFileType = sourcecode.swift; path = RideActionView.swift; sourceTree = "<group>"; };
		D4F6BB192C0A17B600F562D1 /* AuthButton.swift */ = {isa = PBXFileReference; lastKnownFileType = sourcecode.swift; path = AuthButton.swift; sourceTree = "<group>"; };
		D4F6BB212C0B233700F562D1 /* HomeController.swift */ = {isa = PBXFileReference; lastKnownFileType = sourcecode.swift; path = HomeController.swift; sourceTree = "<group>"; };
/* End PBXFileReference section */

/* Begin PBXFrameworksBuildPhase section */
		D402F9AE2AC478E500738E84 /* Frameworks */ = {
			isa = PBXFrameworksBuildPhase;
			buildActionMask = 2147483647;
			files = (
				7EF2A7D832115F6CEC706658 /* Pods_UberClone.framework in Frameworks */,
			);
			runOnlyForDeploymentPostprocessing = 0;
		};
/* End PBXFrameworksBuildPhase section */

/* Begin PBXGroup section */
		2358088DD58DFD81F95B6A1A /* Frameworks */ = {
			isa = PBXGroup;
			children = (
				5DB7DD778DC6D73DC09BE05A /* Pods_UberClone.framework */,
			);
			name = Frameworks;
			sourceTree = "<group>";
		};
		D402F9A82AC478E500738E84 = {
			isa = PBXGroup;
			children = (
				D402F9B32AC478E500738E84 /* UberClone */,
				D402F9B22AC478E500738E84 /* Products */,
				EEAC6F1DEA8D1C440718F530 /* Pods */,
				2358088DD58DFD81F95B6A1A /* Frameworks */,
			);
			sourceTree = "<group>";
		};
		D402F9B22AC478E500738E84 /* Products */ = {
			isa = PBXGroup;
			children = (
				D402F9B12AC478E500738E84 /* UberClone.app */,
			);
			name = Products;
			sourceTree = "<group>";
		};
		D402F9B32AC478E500738E84 /* UberClone */ = {
			isa = PBXGroup;
			children = (
				D402F9CC2AC479A500738E84 /* Utils */,
				D402F9CB2AC4799B00738E84 /* Service */,
				D402F9CA2AC4797700738E84 /* Controller */,
				D402F9C92AC4797000738E84 /* View */,
				D402F9C82AC4796600738E84 /* Model */,
				D402F9B42AC478E500738E84 /* AppDelegate.swift */,
				D402F9B62AC478E500738E84 /* SceneDelegate.swift */,
				D402F9BA2AC478E500738E84 /* Main.storyboard */,
				D402F9BD2AC478E600738E84 /* Assets.xcassets */,
				D402F9BF2AC478E600738E84 /* LaunchScreen.storyboard */,
				D402F9C22AC478E600738E84 /* Info.plist */,
				D40FCE612C0F603A008ABA2D /* GoogleService-Info.plist */,
			);
			path = UberClone;
			sourceTree = "<group>";
		};
		D402F9C82AC4796600738E84 /* Model */ = {
			isa = PBXGroup;
			children = (
				D40FCE5D2C0F0824008ABA2D /* User.swift */,
				D4BC35AE2C11B5AE00D4F806 /* DriverAnnotation.swift */,
				D48A759B2C16BD71004FE605 /* Trip.swift */,
			);
			path = Model;
			sourceTree = "<group>";
		};
		D402F9C92AC4797000738E84 /* View */ = {
			isa = PBXGroup;
			children = (
				D4F6BB192C0A17B600F562D1 /* AuthButton.swift */,
				D40FCE552C0CC5C2008ABA2D /* LocationInputActivationView.swift */,
				D40FCE572C0CD3AF008ABA2D /* LocationInputView.swift */,
				D40FCE592C0DFD64008ABA2D /* LocationCell.swift */,
				D4BC35C32C156A5900D4F806 /* RideActionView.swift */,
			);
			path = View;
			sourceTree = "<group>";
		};
		D402F9CA2AC4797700738E84 /* Controller */ = {
			isa = PBXGroup;
			children = (
				D4A8C1752AC4874200C66745 /* LoginController.swift */,
				D4A83CC12C098F82009ABBE8 /* SignUpController.swift */,
				D4F6BB212C0B233700F562D1 /* HomeController.swift */,
				D48A759D2C1740A5004FE605 /* PickupController.swift */,
			);
			path = Controller;
			sourceTree = "<group>";
		};
		D402F9CB2AC4799B00738E84 /* Service */ = {
			isa = PBXGroup;
			children = (
				D40FCE5B2C0EBD69008ABA2D /* Service.swift */,
			);
			path = Service;
			sourceTree = "<group>";
		};
		D402F9CC2AC479A500738E84 /* Utils */ = {
			isa = PBXGroup;
			children = (
				D4A83CBF2C083BB5009ABBE8 /* Extensions.swift */,
				D40FCE5F2C0F4DE7008ABA2D /* LocationsHandler.swift */,
			);
			path = Utils;
			sourceTree = "<group>";
		};
		EEAC6F1DEA8D1C440718F530 /* Pods */ = {
			isa = PBXGroup;
			children = (
				73EA7D2C71421C3F0D1E2ED4 /* Pods-UberClone.debug.xcconfig */,
				0FE2199AEEA82DB41FF23A18 /* Pods-UberClone.release.xcconfig */,
			);
			path = Pods;
			sourceTree = "<group>";
		};
/* End PBXGroup section */

/* Begin PBXNativeTarget section */
		D402F9B02AC478E500738E84 /* UberClone */ = {
			isa = PBXNativeTarget;
			buildConfigurationList = D402F9C52AC478E600738E84 /* Build configuration list for PBXNativeTarget "UberClone" */;
			buildPhases = (
				96BB0B978E0B2A8C4A276678 /* [CP] Check Pods Manifest.lock */,
				D402F9AD2AC478E500738E84 /* Sources */,
				D402F9AE2AC478E500738E84 /* Frameworks */,
				D402F9AF2AC478E500738E84 /* Resources */,
				182F30CEB30A34844BECF6E0 /* [CP] Embed Pods Frameworks */,
			);
			buildRules = (
			);
			dependencies = (
			);
			name = UberClone;
			productName = UberClone;
			productReference = D402F9B12AC478E500738E84 /* UberClone.app */;
			productType = "com.apple.product-type.application";
		};
/* End PBXNativeTarget section */

/* Begin PBXProject section */
		D402F9A92AC478E500738E84 /* Project object */ = {
			isa = PBXProject;
			attributes = {
				BuildIndependentTargetsInParallel = 1;
				LastSwiftUpdateCheck = 1410;
				LastUpgradeCheck = 1510;
				TargetAttributes = {
					D402F9B02AC478E500738E84 = {
						CreatedOnToolsVersion = 14.1;
					};
				};
			};
			buildConfigurationList = D402F9AC2AC478E500738E84 /* Build configuration list for PBXProject "UberClone" */;
			compatibilityVersion = "Xcode 14.0";
			developmentRegion = en;
			hasScannedForEncodings = 0;
			knownRegions = (
				en,
				Base,
			);
			mainGroup = D402F9A82AC478E500738E84;
			productRefGroup = D402F9B22AC478E500738E84 /* Products */;
			projectDirPath = "";
			projectRoot = "";
			targets = (
				D402F9B02AC478E500738E84 /* UberClone */,
			);
		};
/* End PBXProject section */

/* Begin PBXResourcesBuildPhase section */
		D402F9AF2AC478E500738E84 /* Resources */ = {
			isa = PBXResourcesBuildPhase;
			buildActionMask = 2147483647;
			files = (
				D402F9C12AC478E600738E84 /* LaunchScreen.storyboard in Resources */,
				D40FCE622C0F603A008ABA2D /* GoogleService-Info.plist in Resources */,
				D402F9BE2AC478E600738E84 /* Assets.xcassets in Resources */,
				D402F9BC2AC478E500738E84 /* Main.storyboard in Resources */,
			);
			runOnlyForDeploymentPostprocessing = 0;
		};
/* End PBXResourcesBuildPhase section */

/* Begin PBXShellScriptBuildPhase section */
		182F30CEB30A34844BECF6E0 /* [CP] Embed Pods Frameworks */ = {
			isa = PBXShellScriptBuildPhase;
			buildActionMask = 2147483647;
			files = (
			);
			inputFileListPaths = (
				"${PODS_ROOT}/Target Support Files/Pods-UberClone/Pods-UberClone-frameworks-${CONFIGURATION}-input-files.xcfilelist",
			);
			name = "[CP] Embed Pods Frameworks";
			outputFileListPaths = (
				"${PODS_ROOT}/Target Support Files/Pods-UberClone/Pods-UberClone-frameworks-${CONFIGURATION}-output-files.xcfilelist",
			);
			runOnlyForDeploymentPostprocessing = 0;
			shellPath = /bin/sh;
			shellScript = "\"${PODS_ROOT}/Target Support Files/Pods-UberClone/Pods-UberClone-frameworks.sh\"\n";
			showEnvVarsInLog = 0;
		};
		96BB0B978E0B2A8C4A276678 /* [CP] Check Pods Manifest.lock */ = {
			isa = PBXShellScriptBuildPhase;
			buildActionMask = 2147483647;
			files = (
			);
			inputFileListPaths = (
			);
			inputPaths = (
				"${PODS_PODFILE_DIR_PATH}/Podfile.lock",
				"${PODS_ROOT}/Manifest.lock",
			);
			name = "[CP] Check Pods Manifest.lock";
			outputFileListPaths = (
			);
			outputPaths = (
				"$(DERIVED_FILE_DIR)/Pods-UberClone-checkManifestLockResult.txt",
			);
			runOnlyForDeploymentPostprocessing = 0;
			shellPath = /bin/sh;
			shellScript = "diff \"${PODS_PODFILE_DIR_PATH}/Podfile.lock\" \"${PODS_ROOT}/Manifest.lock\" > /dev/null\nif [ $? != 0 ] ; then\n    # print error to STDERR\n    echo \"error: The sandbox is not in sync with the Podfile.lock. Run 'pod install' or update your CocoaPods installation.\" >&2\n    exit 1\nfi\n# This output is used by Xcode 'outputs' to avoid re-running this script phase.\necho \"SUCCESS\" > \"${SCRIPT_OUTPUT_FILE_0}\"\n";
			showEnvVarsInLog = 0;
		};
/* End PBXShellScriptBuildPhase section */

/* Begin PBXSourcesBuildPhase section */
		D402F9AD2AC478E500738E84 /* Sources */ = {
			isa = PBXSourcesBuildPhase;
			buildActionMask = 2147483647;
			files = (
				D4A83CC22C098F82009ABBE8 /* SignUpController.swift in Sources */,
				D4F6BB1A2C0A17B600F562D1 /* AuthButton.swift in Sources */,
				D4F6BB222C0B233700F562D1 /* HomeController.swift in Sources */,
				D40FCE582C0CD3AF008ABA2D /* LocationInputView.swift in Sources */,
				D48A759C2C16BD71004FE605 /* Trip.swift in Sources */,
				D48A759E2C1740A5004FE605 /* PickupController.swift in Sources */,
				D4BC35AF2C11B5AE00D4F806 /* DriverAnnotation.swift in Sources */,
				D402F9B52AC478E500738E84 /* AppDelegate.swift in Sources */,
				D4A8C1762AC4874200C66745 /* LoginController.swift in Sources */,
				D40FCE5A2C0DFD64008ABA2D /* LocationCell.swift in Sources */,
				D40FCE602C0F4DE7008ABA2D /* LocationsHandler.swift in Sources */,
				D402F9B72AC478E500738E84 /* SceneDelegate.swift in Sources */,
				D4BC35C42C156A5900D4F806 /* RideActionView.swift in Sources */,
				D40FCE5E2C0F0824008ABA2D /* User.swift in Sources */,
				D40FCE5C2C0EBD69008ABA2D /* Service.swift in Sources */,
				D40FCE562C0CC5C2008ABA2D /* LocationInputActivationView.swift in Sources */,
				D4A83CC02C083BB5009ABBE8 /* Extensions.swift in Sources */,
			);
			runOnlyForDeploymentPostprocessing = 0;
		};
/* End PBXSourcesBuildPhase section */

/* Begin PBXVariantGroup section */
		D402F9BA2AC478E500738E84 /* Main.storyboard */ = {
			isa = PBXVariantGroup;
			children = (
				D402F9BB2AC478E500738E84 /* Base */,
			);
			name = Main.storyboard;
			sourceTree = "<group>";
		};
		D402F9BF2AC478E600738E84 /* LaunchScreen.storyboard */ = {
			isa = PBXVariantGroup;
			children = (
				D402F9C02AC478E600738E84 /* Base */,
			);
			name = LaunchScreen.storyboard;
			sourceTree = "<group>";
		};
/* End PBXVariantGroup section */

/* Begin XCBuildConfiguration section */
		D402F9C32AC478E600738E84 /* Debug */ = {
			isa = XCBuildConfiguration;
			buildSettings = {
				ALWAYS_SEARCH_USER_PATHS = NO;
				CLANG_ANALYZER_NONNULL = YES;
				CLANG_ANALYZER_NUMBER_OBJECT_CONVERSION = YES_AGGRESSIVE;
				CLANG_CXX_LANGUAGE_STANDARD = "gnu++20";
				CLANG_ENABLE_MODULES = YES;
				CLANG_ENABLE_OBJC_ARC = YES;
				CLANG_ENABLE_OBJC_WEAK = YES;
				CLANG_WARN_BLOCK_CAPTURE_AUTORELEASING = YES;
				CLANG_WARN_BOOL_CONVERSION = YES;
				CLANG_WARN_COMMA = YES;
				CLANG_WARN_CONSTANT_CONVERSION = YES;
				CLANG_WARN_DEPRECATED_OBJC_IMPLEMENTATIONS = YES;
				CLANG_WARN_DIRECT_OBJC_ISA_USAGE = YES_ERROR;
				CLANG_WARN_DOCUMENTATION_COMMENTS = YES;
				CLANG_WARN_EMPTY_BODY = YES;
				CLANG_WARN_ENUM_CONVERSION = YES;
				CLANG_WARN_INFINITE_RECURSION = YES;
				CLANG_WARN_INT_CONVERSION = YES;
				CLANG_WARN_NON_LITERAL_NULL_CONVERSION = YES;
				CLANG_WARN_OBJC_IMPLICIT_RETAIN_SELF = YES;
				CLANG_WARN_OBJC_LITERAL_CONVERSION = YES;
				CLANG_WARN_OBJC_ROOT_CLASS = YES_ERROR;
				CLANG_WARN_QUOTED_INCLUDE_IN_FRAMEWORK_HEADER = YES;
				CLANG_WARN_RANGE_LOOP_ANALYSIS = YES;
				CLANG_WARN_STRICT_PROTOTYPES = YES;
				CLANG_WARN_SUSPICIOUS_MOVE = YES;
				CLANG_WARN_UNGUARDED_AVAILABILITY = YES_AGGRESSIVE;
				CLANG_WARN_UNREACHABLE_CODE = YES;
				CLANG_WARN__DUPLICATE_METHOD_MATCH = YES;
				COPY_PHASE_STRIP = NO;
				DEBUG_INFORMATION_FORMAT = dwarf;
				ENABLE_STRICT_OBJC_MSGSEND = YES;
				ENABLE_TESTABILITY = YES;
				ENABLE_USER_SCRIPT_SANDBOXING = NO;
				GCC_C_LANGUAGE_STANDARD = gnu11;
				GCC_DYNAMIC_NO_PIC = NO;
				GCC_NO_COMMON_BLOCKS = YES;
				GCC_OPTIMIZATION_LEVEL = 0;
				GCC_PREPROCESSOR_DEFINITIONS = (
					"DEBUG=1",
					"$(inherited)",
				);
				GCC_WARN_64_TO_32_BIT_CONVERSION = YES;
				GCC_WARN_ABOUT_RETURN_TYPE = YES_ERROR;
				GCC_WARN_UNDECLARED_SELECTOR = YES;
				GCC_WARN_UNINITIALIZED_AUTOS = YES_AGGRESSIVE;
				GCC_WARN_UNUSED_FUNCTION = YES;
				GCC_WARN_UNUSED_VARIABLE = YES;
				IPHONEOS_DEPLOYMENT_TARGET = 16.1;
				MTL_ENABLE_DEBUG_INFO = INCLUDE_SOURCE;
				MTL_FAST_MATH = YES;
				ONLY_ACTIVE_ARCH = YES;
				SDKROOT = iphoneos;
				SWIFT_ACTIVE_COMPILATION_CONDITIONS = DEBUG;
				SWIFT_OPTIMIZATION_LEVEL = "-Onone";
			};
			name = Debug;
		};
		D402F9C42AC478E600738E84 /* Release */ = {
			isa = XCBuildConfiguration;
			buildSettings = {
				ALWAYS_SEARCH_USER_PATHS = NO;
				CLANG_ANALYZER_NONNULL = YES;
				CLANG_ANALYZER_NUMBER_OBJECT_CONVERSION = YES_AGGRESSIVE;
				CLANG_CXX_LANGUAGE_STANDARD = "gnu++20";
				CLANG_ENABLE_MODULES = YES;
				CLANG_ENABLE_OBJC_ARC = YES;
				CLANG_ENABLE_OBJC_WEAK = YES;
				CLANG_WARN_BLOCK_CAPTURE_AUTORELEASING = YES;
				CLANG_WARN_BOOL_CONVERSION = YES;
				CLANG_WARN_COMMA = YES;
				CLANG_WARN_CONSTANT_CONVERSION = YES;
				CLANG_WARN_DEPRECATED_OBJC_IMPLEMENTATIONS = YES;
				CLANG_WARN_DIRECT_OBJC_ISA_USAGE = YES_ERROR;
				CLANG_WARN_DOCUMENTATION_COMMENTS = YES;
				CLANG_WARN_EMPTY_BODY = YES;
				CLANG_WARN_ENUM_CONVERSION = YES;
				CLANG_WARN_INFINITE_RECURSION = YES;
				CLANG_WARN_INT_CONVERSION = YES;
				CLANG_WARN_NON_LITERAL_NULL_CONVERSION = YES;
				CLANG_WARN_OBJC_IMPLICIT_RETAIN_SELF = YES;
				CLANG_WARN_OBJC_LITERAL_CONVERSION = YES;
				CLANG_WARN_OBJC_ROOT_CLASS = YES_ERROR;
				CLANG_WARN_QUOTED_INCLUDE_IN_FRAMEWORK_HEADER = YES;
				CLANG_WARN_RANGE_LOOP_ANALYSIS = YES;
				CLANG_WARN_STRICT_PROTOTYPES = YES;
				CLANG_WARN_SUSPICIOUS_MOVE = YES;
				CLANG_WARN_UNGUARDED_AVAILABILITY = YES_AGGRESSIVE;
				CLANG_WARN_UNREACHABLE_CODE = YES;
				CLANG_WARN__DUPLICATE_METHOD_MATCH = YES;
				COPY_PHASE_STRIP = NO;
				DEBUG_INFORMATION_FORMAT = "dwarf-with-dsym";
				ENABLE_NS_ASSERTIONS = NO;
				ENABLE_STRICT_OBJC_MSGSEND = YES;
				ENABLE_USER_SCRIPT_SANDBOXING = NO;
				GCC_C_LANGUAGE_STANDARD = gnu11;
				GCC_NO_COMMON_BLOCKS = YES;
				GCC_WARN_64_TO_32_BIT_CONVERSION = YES;
				GCC_WARN_ABOUT_RETURN_TYPE = YES_ERROR;
				GCC_WARN_UNDECLARED_SELECTOR = YES;
				GCC_WARN_UNINITIALIZED_AUTOS = YES_AGGRESSIVE;
				GCC_WARN_UNUSED_FUNCTION = YES;
				GCC_WARN_UNUSED_VARIABLE = YES;
				IPHONEOS_DEPLOYMENT_TARGET = 16.1;
				MTL_ENABLE_DEBUG_INFO = NO;
				MTL_FAST_MATH = YES;
				SDKROOT = iphoneos;
				SWIFT_COMPILATION_MODE = wholemodule;
				SWIFT_OPTIMIZATION_LEVEL = "-O";
				VALIDATE_PRODUCT = YES;
			};
			name = Release;
		};
		D402F9C62AC478E600738E84 /* Debug */ = {
			isa = XCBuildConfiguration;
			baseConfigurationReference = 73EA7D2C71421C3F0D1E2ED4 /* Pods-UberClone.debug.xcconfig */;
			buildSettings = {
				ASSETCATALOG_COMPILER_APPICON_NAME = AppIcon;
				ASSETCATALOG_COMPILER_GLOBAL_ACCENT_COLOR_NAME = AccentColor;
				CODE_SIGN_STYLE = Automatic;
				CURRENT_PROJECT_VERSION = 1;
				DEVELOPMENT_TEAM = 48T2248AE2;
				GENERATE_INFOPLIST_FILE = YES;
				INFOPLIST_FILE = UberClone/Info.plist;
				INFOPLIST_KEY_UIApplicationSupportsIndirectInputEvents = YES;
				INFOPLIST_KEY_UILaunchStoryboardName = LaunchScreen;
				INFOPLIST_KEY_UIMainStoryboardFile = Main;
				INFOPLIST_KEY_UISupportedInterfaceOrientations_iPad = "UIInterfaceOrientationPortrait UIInterfaceOrientationPortraitUpsideDown UIInterfaceOrientationLandscapeLeft UIInterfaceOrientationLandscapeRight";
				INFOPLIST_KEY_UISupportedInterfaceOrientations_iPhone = "UIInterfaceOrientationPortrait UIInterfaceOrientationLandscapeLeft UIInterfaceOrientationLandscapeRight";
				IPHONEOS_DEPLOYMENT_TARGET = 13.0;
				LD_RUNPATH_SEARCH_PATHS = (
					"$(inherited)",
					"@executable_path/Frameworks",
				);
				MARKETING_VERSION = 1.0;
				PRODUCT_BUNDLE_IDENTIFIER = com.saqib.UberClone;
				PRODUCT_NAME = "$(TARGET_NAME)";
				SWIFT_EMIT_LOC_STRINGS = YES;
				SWIFT_VERSION = 5.0;
				TARGETED_DEVICE_FAMILY = "1,2";
			};
			name = Debug;
		};
		D402F9C72AC478E600738E84 /* Release */ = {
			isa = XCBuildConfiguration;
			baseConfigurationReference = 0FE2199AEEA82DB41FF23A18 /* Pods-UberClone.release.xcconfig */;
			buildSettings = {
				ASSETCATALOG_COMPILER_APPICON_NAME = AppIcon;
				ASSETCATALOG_COMPILER_GLOBAL_ACCENT_COLOR_NAME = AccentColor;
				CODE_SIGN_STYLE = Automatic;
				CURRENT_PROJECT_VERSION = 1;
				DEVELOPMENT_TEAM = 48T2248AE2;
				GENERATE_INFOPLIST_FILE = YES;
				INFOPLIST_FILE = UberClone/Info.plist;
				INFOPLIST_KEY_UIApplicationSupportsIndirectInputEvents = YES;
				INFOPLIST_KEY_UILaunchStoryboardName = LaunchScreen;
				INFOPLIST_KEY_UIMainStoryboardFile = Main;
				INFOPLIST_KEY_UISupportedInterfaceOrientations_iPad = "UIInterfaceOrientationPortrait UIInterfaceOrientationPortraitUpsideDown UIInterfaceOrientationLandscapeLeft UIInterfaceOrientationLandscapeRight";
				INFOPLIST_KEY_UISupportedInterfaceOrientations_iPhone = "UIInterfaceOrientationPortrait UIInterfaceOrientationLandscapeLeft UIInterfaceOrientationLandscapeRight";
				IPHONEOS_DEPLOYMENT_TARGET = 13.0;
				LD_RUNPATH_SEARCH_PATHS = (
					"$(inherited)",
					"@executable_path/Frameworks",
				);
				MARKETING_VERSION = 1.0;
				PRODUCT_BUNDLE_IDENTIFIER = com.saqib.UberClone;
				PRODUCT_NAME = "$(TARGET_NAME)";
				SWIFT_EMIT_LOC_STRINGS = YES;
				SWIFT_VERSION = 5.0;
				TARGETED_DEVICE_FAMILY = "1,2";
			};
			name = Release;
		};
/* End XCBuildConfiguration section */

/* Begin XCConfigurationList section */
		D402F9AC2AC478E500738E84 /* Build configuration list for PBXProject "UberClone" */ = {
			isa = XCConfigurationList;
			buildConfigurations = (
				D402F9C32AC478E600738E84 /* Debug */,
				D402F9C42AC478E600738E84 /* Release */,
			);
			defaultConfigurationIsVisible = 0;
			defaultConfigurationName = Release;
		};
		D402F9C52AC478E600738E84 /* Build configuration list for PBXNativeTarget "UberClone" */ = {
			isa = XCConfigurationList;
			buildConfigurations = (
				D402F9C62AC478E600738E84 /* Debug */,
				D402F9C72AC478E600738E84 /* Release */,
			);
			defaultConfigurationIsVisible = 0;
			defaultConfigurationName = Release;
		};
/* End XCConfigurationList section */
	};
	rootObject = D402F9A92AC478E500738E84 /* Project object */;
}
